
Microsoft Visual Studio Solution File, Format Version 12.00
# Visual Studio Version 16
VisualStudioVersion = 16.0.30907.101
MinimumVisualStudioVersion = 10.0.40219.1
Project("{FAE04EC0-301F-11D3-BF4B-00C04F79EFBC}") = "Face Recognition App", "Face Recognition App\Face Recognition App.csproj", "{B16C9A36-BE0D-460F-9A79-A14828CB4F87}"
EndProject
Global
	GlobalSection(SolutionConfigurationPlatforms) = preSolution
		Debug|Any CPU = Debug|Any CPU
		Release|Any CPU = Release|Any CPU
	EndGlobalSection
	GlobalSection(ProjectConfigurationPlatforms) = postSolution
		{B16C9A36-BE0D-460F-9A79-A14828CB4F87}.Debug|Any CPU.ActiveCfg = Debug|Any CPU
		{B16C9A36-BE0D-460F-9A79-A14828CB4F87}.Debug|Any CPU.Build.0 = Debug|Any CPU
		{B16C9A36-BE0D-460F-9A79-A14828CB4F87}.Release|Any CPU.ActiveCfg = Release|Any CPU
		{B16C9A36-BE0D-460F-9A79-A14828CB4F87}.Release|Any CPU.Build.0 = Release|Any CPU
	EndGlobalSection
	GlobalSection(SolutionProperties) = preSolution
		HideSolutionNode = FALSE
	EndGlobalSection
	GlobalSection(ExtensibilityGlobals) = postSolution
		SolutionGuid = {B457D6D8-962C-4FB0-8B32-94FA63C3EBF7}
	EndGlobalSection
EndGlobal
